
Microsoft Visual Studio Solution File, Format Version 12.00
# Visual Studio 15
VisualStudioVersion = 15.0.27130.2036
MinimumVisualStudioVersion = 10.0.40219.1
Project("{FAE04EC0-301F-11D3-BF4B-00C04F79EFBC}") = "Task_1", "Task_1\Task_1.csproj", "{4C7A0601-04C5-4B01-B767-2556B03A77AB}"
EndProject
Global
	GlobalSection(SolutionConfigurationPlatforms) = preSolution
		Debug|Any CPU = Debug|Any CPU
		Release|Any CPU = Release|Any CPU
	EndGlobalSection
	GlobalSection(ProjectConfigurationPlatforms) = postSolution
		{4C7A0601-04C5-4B01-B767-2556B03A77AB}.Debug|Any CPU.ActiveCfg = Debug|Any CPU
		{4C7A0601-04C5-4B01-B767-2556B03A77AB}.Debug|Any CPU.Build.0 = Debug|Any CPU
		{4C7A0601-04C5-4B01-B767-2556B03A77AB}.Release|Any CPU.ActiveCfg = Release|Any CPU
		{4C7A0601-04C5-4B01-B767-2556B03A77AB}.Release|Any CPU.Build.0 = Release|Any CPU
	EndGlobalSection
	GlobalSection(SolutionProperties) = preSolution
		HideSolutionNode = FALSE
	EndGlobalSection
	GlobalSection(ExtensibilityGlobals) = postSolution
		SolutionGuid = {68A1D664-FF79-4AC0-A5CF-59FC25BD283B}
	EndGlobalSection
EndGlobal
