
Microsoft Visual Studio Solution File, Format Version 12.00
# Visual Studio 15
VisualStudioVersion = 15.0.27130.2036
MinimumVisualStudioVersion = 10.0.40219.1
Project("{FAE04EC0-301F-11D3-BF4B-00C04F79EFBC}") = "Task_2", "Task_2\Task_2.csproj", "{55785B8B-C58F-49D1-B10D-AEB998B45C6E}"
EndProject
Global
	GlobalSection(SolutionConfigurationPlatforms) = preSolution
		Debug|Any CPU = Debug|Any CPU
		Release|Any CPU = Release|Any CPU
	EndGlobalSection
	GlobalSection(ProjectConfigurationPlatforms) = postSolution
		{55785B8B-C58F-49D1-B10D-AEB998B45C6E}.Debug|Any CPU.ActiveCfg = Debug|Any CPU
		{55785B8B-C58F-49D1-B10D-AEB998B45C6E}.Debug|Any CPU.Build.0 = Debug|Any CPU
		{55785B8B-C58F-49D1-B10D-AEB998B45C6E}.Release|Any CPU.ActiveCfg = Release|Any CPU
		{55785B8B-C58F-49D1-B10D-AEB998B45C6E}.Release|Any CPU.Build.0 = Release|Any CPU
	EndGlobalSection
	GlobalSection(SolutionProperties) = preSolution
		HideSolutionNode = FALSE
	EndGlobalSection
	GlobalSection(ExtensibilityGlobals) = postSolution
		SolutionGuid = {9E69249A-1A2C-4248-AC77-D304A95DDE2D}
	EndGlobalSection
EndGlobal
